<Solution>
  <Project Path="StoreWebapi.Application/StoreWebapi.Application.csproj" />
  <Project Path="StoreWebapi.Domain/StoreWebapi.Domain.csproj" />
  <Project Path="StoreWebapi.InfraStructure/StoreWebapi.InfraStructure.csproj" />
  <Project Path="StoreWebapi.WebApi/StoreWebapi.WebApi.csproj" />
</Solution>
